
Microsoft Visual Studio Solution File, Format Version 12.00
# Visual Studio Version 16
VisualStudioVersion = 16.0.30128.74
MinimumVisualStudioVersion = 10.0.40219.1
Project("{F184B08F-C81C-45F6-A57F-5ABD9991F28F}") = "GlobalizoN-TR", "GlobalizoN\GlobalizoN-TR.vbproj", "{AE2E564A-2FC7-4DDA-BF0B-869BDEA2E33D}"
EndProject
Global
	GlobalSection(SolutionConfigurationPlatforms) = preSolution
		Debug|Any CPU = Debug|Any CPU
		Release|Any CPU = Release|Any CPU
	EndGlobalSection
	GlobalSection(ProjectConfigurationPlatforms) = postSolution
		{AE2E564A-2FC7-4DDA-BF0B-869BDEA2E33D}.Debug|Any CPU.ActiveCfg = Debug|Any CPU
		{AE2E564A-2FC7-4DDA-BF0B-869BDEA2E33D}.Debug|Any CPU.Build.0 = Debug|Any CPU
		{AE2E564A-2FC7-4DDA-BF0B-869BDEA2E33D}.Release|Any CPU.ActiveCfg = Release|Any CPU
		{AE2E564A-2FC7-4DDA-BF0B-869BDEA2E33D}.Release|Any CPU.Build.0 = Release|Any CPU
	EndGlobalSection
	GlobalSection(SolutionProperties) = preSolution
		HideSolutionNode = FALSE
	EndGlobalSection
	GlobalSection(ExtensibilityGlobals) = postSolution
		SolutionGuid = {BA1CCEA9-23B1-49BA-8B88-8265DA0901DD}
	EndGlobalSection
EndGlobal
